
Microsoft Visual Studio Solution File, Format Version 12.00
# Visual Studio Version 17
VisualStudioVersion = 17.9.34728.123
MinimumVisualStudioVersion = 10.0.40219.1
Project("{FAE04EC0-301F-11D3-BF4B-00C04F79EFBC}") = "Inventory-App", "Inventory-App\Inventory-App.csproj", "{4B434B2F-53C6-4298-9913-DF8C143D41DF}"
EndProject
Global
	GlobalSection(SolutionConfigurationPlatforms) = preSolution
		Debug|Any CPU = Debug|Any CPU
		Release|Any CPU = Release|Any CPU
	EndGlobalSection
	GlobalSection(ProjectConfigurationPlatforms) = postSolution
		{4B434B2F-53C6-4298-9913-DF8C143D41DF}.Debug|Any CPU.ActiveCfg = Debug|Any CPU
		{4B434B2F-53C6-4298-9913-DF8C143D41DF}.Debug|Any CPU.Build.0 = Debug|Any CPU
		{4B434B2F-53C6-4298-9913-DF8C143D41DF}.Release|Any CPU.ActiveCfg = Release|Any CPU
		{4B434B2F-53C6-4298-9913-DF8C143D41DF}.Release|Any CPU.Build.0 = Release|Any CPU
	EndGlobalSection
	GlobalSection(SolutionProperties) = preSolution
		HideSolutionNode = FALSE
	EndGlobalSection
	GlobalSection(ExtensibilityGlobals) = postSolution
		SolutionGuid = {466F796E-5153-44E2-BEEB-EFD41134E559}
	EndGlobalSection
EndGlobal
